
Microsoft Visual Studio Solution File, Format Version 12.00
Project("{FAE04EC0-301F-11D3-BF4B-00C04F79EFBC}") = "KeepassSyncService", "KeepassSyncService\KeepassSyncService.csproj", "{2D291083-5D15-4AAB-AEA4-B930B14747B3}"
EndProject
Global
	GlobalSection(SolutionConfigurationPlatforms) = preSolution
		Debug|Any CPU = Debug|Any CPU
		Release|Any CPU = Release|Any CPU
	EndGlobalSection
	GlobalSection(ProjectConfigurationPlatforms) = postSolution
		{2D291083-5D15-4AAB-AEA4-B930B14747B3}.Debug|Any CPU.ActiveCfg = Debug|Any CPU
		{2D291083-5D15-4AAB-AEA4-B930B14747B3}.Debug|Any CPU.Build.0 = Debug|Any CPU
		{2D291083-5D15-4AAB-AEA4-B930B14747B3}.Release|Any CPU.ActiveCfg = Release|Any CPU
		{2D291083-5D15-4AAB-AEA4-B930B14747B3}.Release|Any CPU.Build.0 = Release|Any CPU
	EndGlobalSection
EndGlobal
